<?xml version="1.0" encoding="utf-8"?>
<Project ToolsVersion="4.0" xmlns="http://schemas.microsoft.com/developer/msbuild/2003">
  <ItemGroup>
    <ClInclude Include="Global.h" />
    <ClInclude Include="Character\Player.h">
      <Filter>Character</Filter>
    </ClInclude>
    <ClInclude Include="Game\Field.h">
      <Filter>Game</Filter>
    </ClInclude>
    <ClInclude Include="Camera\Camera.h">
      <Filter>Camera</Filter>
    </ClInclude>
    <ClInclude Include="Public\PublicFile.h">
      <Filter>Puglic</Filter>
    </ClInclude>
    <ClInclude Include="Game\Object.h">
      <Filter>Game</Filter>
    </ClInclude>
    <ClInclude Include="Stage\SkyIslandStage.h">
      <Filter>Stage</Filter>
    </ClInclude>
    <ClInclude Include="Management\Task.h">
      <Filter>Management</Filter>
    </ClInclude>
    <ClInclude Include="Management\Progress.h">
      <Filter>Management</Filter>
    </ClInclude>
    <ClInclude Include="Title\Title.h">
      <Filter>Title</Filter>
    </ClInclude>
    <ClInclude Include="Whale.h">
      <Filter>Character</Filter>
    </ClInclude>
    <ClInclude Include="Stage\DesertStage.h">
      <Filter>Stage</Filter>
    </ClInclude>
  </ItemGroup>
  <ItemGroup>
    <ClCompile Include="main.cpp" />
    <ClCompile Include="Character\Player.cpp">
      <Filter>Character</Filter>
    </ClCompile>
    <ClCompile Include="Game\Field.cpp">
      <Filter>Game</Filter>
    </ClCompile>
    <ClCompile Include="Camera\Camera.cpp">
      <Filter>Camera</Filter>
    </ClCompile>
    <ClCompile Include="Public\PublicFile.cpp">
      <Filter>Puglic</Filter>
    </ClCompile>
    <ClCompile Include="Game\Object.cpp">
      <Filter>Game</Filter>
    </ClCompile>
    <ClCompile Include="Stage\SkyIslandStage.cpp">
      <Filter>Stage</Filter>
    </ClCompile>
    <ClCompile Include="Management\Task.cpp">
      <Filter>Management</Filter>
    </ClCompile>
    <ClCompile Include="Management\Progress.cpp">
      <Filter>Management</Filter>
    </ClCompile>
    <ClCompile Include="Title\Title.cpp">
      <Filter>Title</Filter>
    </ClCompile>
    <ClCompile Include="Whale.cpp">
      <Filter>Character</Filter>
    </ClCompile>
    <ClCompile Include="Stage\DesertStage.cpp">
      <Filter>Stage</Filter>
    </ClCompile>
  </ItemGroup>
  <ItemGroup>
    <Filter Include="Character">
      <UniqueIdentifier>{6764bb85-da02-44ba-b335-a722f212f25d}</UniqueIdentifier>
    </Filter>
    <Filter Include="Game">
      <UniqueIdentifier>{4209b7f2-b2cf-42ed-9b63-5ae54686d1e3}</UniqueIdentifier>
    </Filter>
    <Filter Include="Camera">
      <UniqueIdentifier>{ee9285ad-03bc-4d41-88b4-ae57fbe03e90}</UniqueIdentifier>
    </Filter>
    <Filter Include="Puglic">
      <UniqueIdentifier>{7d5c5c0c-78a6-4a46-8607-17e64d1803a6}</UniqueIdentifier>
    </Filter>
    <Filter Include="Stage">
      <UniqueIdentifier>{2ac9be8c-7051-4f5d-85aa-1900ad637de7}</UniqueIdentifier>
    </Filter>
    <Filter Include="Management">
      <UniqueIdentifier>{15f89e13-c97f-454c-92ce-6bf5971c1c96}</UniqueIdentifier>
    </Filter>
    <Filter Include="Title">
      <UniqueIdentifier>{4051a66f-729a-49bf-b0ad-730091c304f5}</UniqueIdentifier>
    </Filter>
  </ItemGroup>
</Project>