<?xml version="1.0" encoding="utf-8"?>
<Project ToolsVersion="4.0" xmlns="http://schemas.microsoft.com/developer/msbuild/2003">
  <ItemGroup>
    <ClInclude Include="Global.h" />
    <ClInclude Include="TaskSystem\Task.h">
      <Filter>TaskSystem</Filter>
    </ClInclude>
    <ClInclude Include="Character\Player.h">
      <Filter>Character</Filter>
    </ClInclude>
    <ClInclude Include="Game\Field.h">
      <Filter>Game</Filter>
    </ClInclude>
  </ItemGroup>
  <ItemGroup>
    <ClCompile Include="main.cpp" />
    <ClCompile Include="TaskSystem\Task.cpp">
      <Filter>TaskSystem</Filter>
    </ClCompile>
    <ClCompile Include="Character\Player.cpp">
      <Filter>Character</Filter>
    </ClCompile>
    <ClCompile Include="Game\Field.cpp">
      <Filter>Game</Filter>
    </ClCompile>
  </ItemGroup>
  <ItemGroup>
    <Filter Include="TaskSystem">
      <UniqueIdentifier>{15f89e13-c97f-454c-92ce-6bf5971c1c96}</UniqueIdentifier>
    </Filter>
    <Filter Include="Character">
      <UniqueIdentifier>{6764bb85-da02-44ba-b335-a722f212f25d}</UniqueIdentifier>
    </Filter>
    <Filter Include="Game">
      <UniqueIdentifier>{4209b7f2-b2cf-42ed-9b63-5ae54686d1e3}</UniqueIdentifier>
    </Filter>
  </ItemGroup>
</Project>